
Microsoft Visual Studio Solution File, Format Version 12.00
# Visual Studio Version 17
VisualStudioVersion = 17.5.33516.290
MinimumVisualStudioVersion = 10.0.40219.1
Project("{FAE04EC0-301F-11D3-BF4B-00C04F79EFBC}") = "testTaskMindbox", "testTaskMindbox\testTaskMindbox.csproj", "{62A29A94-7414-4362-BC28-701448C8BB00}"
EndProject
Project("{FAE04EC0-301F-11D3-BF4B-00C04F79EFBC}") = "GeometryTest", "GeometryTest\GeometryTest.csproj", "{B12D9AE0-2AB7-465E-8DAA-9FE380F0F74B}"
EndProject
Global
	GlobalSection(SolutionConfigurationPlatforms) = preSolution
		Debug|Any CPU = Debug|Any CPU
		Release|Any CPU = Release|Any CPU
	EndGlobalSection
	GlobalSection(ProjectConfigurationPlatforms) = postSolution
		{62A29A94-7414-4362-BC28-701448C8BB00}.Debug|Any CPU.ActiveCfg = Debug|Any CPU
		{62A29A94-7414-4362-BC28-701448C8BB00}.Debug|Any CPU.Build.0 = Debug|Any CPU
		{62A29A94-7414-4362-BC28-701448C8BB00}.Release|Any CPU.ActiveCfg = Release|Any CPU
		{62A29A94-7414-4362-BC28-701448C8BB00}.Release|Any CPU.Build.0 = Release|Any CPU
		{B12D9AE0-2AB7-465E-8DAA-9FE380F0F74B}.Debug|Any CPU.ActiveCfg = Debug|Any CPU
		{B12D9AE0-2AB7-465E-8DAA-9FE380F0F74B}.Debug|Any CPU.Build.0 = Debug|Any CPU
		{B12D9AE0-2AB7-465E-8DAA-9FE380F0F74B}.Release|Any CPU.ActiveCfg = Release|Any CPU
		{B12D9AE0-2AB7-465E-8DAA-9FE380F0F74B}.Release|Any CPU.Build.0 = Release|Any CPU
	EndGlobalSection
	GlobalSection(SolutionProperties) = preSolution
		HideSolutionNode = FALSE
	EndGlobalSection
	GlobalSection(ExtensibilityGlobals) = postSolution
		SolutionGuid = {032BE934-5107-4563-ADFA-33531730123A}
	EndGlobalSection
EndGlobal
